
Microsoft Visual Studio Solution File, Format Version 12.00
# Visual Studio Version 17
VisualStudioVersion = 17.9.34607.119
MinimumVisualStudioVersion = 10.0.40219.1
Project("{FAE04EC0-301F-11D3-BF4B-00C04F79EFBC}") = "DotNetADOProject", "DotNetADOProject\DotNetADOProject.csproj", "{312CBFAA-843B-45AD-8706-8013A31E015D}"
EndProject
Global
	GlobalSection(SolutionConfigurationPlatforms) = preSolution
		Debug|Any CPU = Debug|Any CPU
		Release|Any CPU = Release|Any CPU
	EndGlobalSection
	GlobalSection(ProjectConfigurationPlatforms) = postSolution
		{312CBFAA-843B-45AD-8706-8013A31E015D}.Debug|Any CPU.ActiveCfg = Debug|Any CPU
		{312CBFAA-843B-45AD-8706-8013A31E015D}.Debug|Any CPU.Build.0 = Debug|Any CPU
		{312CBFAA-843B-45AD-8706-8013A31E015D}.Release|Any CPU.ActiveCfg = Release|Any CPU
		{312CBFAA-843B-45AD-8706-8013A31E015D}.Release|Any CPU.Build.0 = Release|Any CPU
	EndGlobalSection
	GlobalSection(SolutionProperties) = preSolution
		HideSolutionNode = FALSE
	EndGlobalSection
	GlobalSection(ExtensibilityGlobals) = postSolution
		SolutionGuid = {0B072B56-0535-4762-A9EA-28BC1E9B6DFC}
	EndGlobalSection
EndGlobal
